
Microsoft Visual Studio Solution File, Format Version 12.00
# Visual Studio Version 17
VisualStudioVersion = 17.7.34221.43
MinimumVisualStudioVersion = 10.0.40219.1
Project("{9A19103F-16F7-4668-BE54-9A1E7A4F7556}") = "FlyingFox", "FlyingFox.csproj", "{BAFF50FA-ECF7-4A44-BF2B-C285F655AB62}"
EndProject
Global
	GlobalSection(SolutionConfigurationPlatforms) = preSolution
		Debug|Any CPU = Debug|Any CPU
		Release|Any CPU = Release|Any CPU
	EndGlobalSection
	GlobalSection(ProjectConfigurationPlatforms) = postSolution
		{BAFF50FA-ECF7-4A44-BF2B-C285F655AB62}.Debug|Any CPU.ActiveCfg = Debug|Any CPU
		{BAFF50FA-ECF7-4A44-BF2B-C285F655AB62}.Debug|Any CPU.Build.0 = Debug|Any CPU
		{BAFF50FA-ECF7-4A44-BF2B-C285F655AB62}.Release|Any CPU.ActiveCfg = Release|Any CPU
		{BAFF50FA-ECF7-4A44-BF2B-C285F655AB62}.Release|Any CPU.Build.0 = Release|Any CPU
	EndGlobalSection
	GlobalSection(SolutionProperties) = preSolution
		HideSolutionNode = FALSE
	EndGlobalSection
	GlobalSection(ExtensibilityGlobals) = postSolution
		SolutionGuid = {9FE8F7CF-F812-42D9-885B-7B7F26BA1CED}
	EndGlobalSection
EndGlobal
